
Microsoft Visual Studio Solution File, Format Version 12.00
# Visual Studio 15
VisualStudioVersion = 15.0.28307.705
MinimumVisualStudioVersion = 10.0.40219.1
Project("{FAE04EC0-301F-11D3-BF4B-00C04F79EFBC}") = "DXChartsGettingStarted.Android", "DXChartsGettingStarted\DXChartsGettingStarted.Android\DXChartsGettingStarted.Android.csproj", "{D0288BB6-4311-44C2-9C00-8067DE9AFA60}"
EndProject
Project("{FAE04EC0-301F-11D3-BF4B-00C04F79EFBC}") = "DXChartsGettingStarted.iOS", "DXChartsGettingStarted\DXChartsGettingStarted.iOS\DXChartsGettingStarted.iOS.csproj", "{BC2EAF8E-8F48-4F22-8FA9-5D9BC87D2201}"
EndProject
Project("{FAE04EC0-301F-11D3-BF4B-00C04F79EFBC}") = "DXChartsGettingStarted", "DXChartsGettingStarted\DXChartsGettingStarted\DXChartsGettingStarted.csproj", "{ABE63B4C-C95E-4B8C-B0F9-3980F8A303A7}"
EndProject
Global
	GlobalSection(SolutionConfigurationPlatforms) = preSolution
		Ad-Hoc|Any CPU = Ad-Hoc|Any CPU
		Ad-Hoc|iPhone = Ad-Hoc|iPhone
		Ad-Hoc|iPhoneSimulator = Ad-Hoc|iPhoneSimulator
		AppStore|Any CPU = AppStore|Any CPU
		AppStore|iPhone = AppStore|iPhone
		AppStore|iPhoneSimulator = AppStore|iPhoneSimulator
		Debug|Any CPU = Debug|Any CPU
		Debug|iPhone = Debug|iPhone
		Debug|iPhoneSimulator = Debug|iPhoneSimulator
		Release|Any CPU = Release|Any CPU
		Release|iPhone = Release|iPhone
		Release|iPhoneSimulator = Release|iPhoneSimulator
	EndGlobalSection
	GlobalSection(ProjectConfigurationPlatforms) = postSolution
		{D0288BB6-4311-44C2-9C00-8067DE9AFA60}.Ad-Hoc|Any CPU.ActiveCfg = Release|Any CPU
		{D0288BB6-4311-44C2-9C00-8067DE9AFA60}.Ad-Hoc|Any CPU.Build.0 = Release|Any CPU
		{D0288BB6-4311-44C2-9C00-8067DE9AFA60}.Ad-Hoc|Any CPU.Deploy.0 = Release|Any CPU
		{D0288BB6-4311-44C2-9C00-8067DE9AFA60}.Ad-Hoc|iPhone.ActiveCfg = Release|Any CPU
		{D0288BB6-4311-44C2-9C00-8067DE9AFA60}.Ad-Hoc|iPhone.Build.0 = Release|Any CPU
		{D0288BB6-4311-44C2-9C00-8067DE9AFA60}.Ad-Hoc|iPhone.Deploy.0 = Release|Any CPU
		{D0288BB6-4311-44C2-9C00-8067DE9AFA60}.Ad-Hoc|iPhoneSimulator.ActiveCfg = Release|Any CPU
		{D0288BB6-4311-44C2-9C00-8067DE9AFA60}.Ad-Hoc|iPhoneSimulator.Build.0 = Release|Any CPU
		{D0288BB6-4311-44C2-9C00-8067DE9AFA60}.Ad-Hoc|iPhoneSimulator.Deploy.0 = Release|Any CPU
		{D0288BB6-4311-44C2-9C00-8067DE9AFA60}.AppStore|Any CPU.ActiveCfg = Release|Any CPU
		{D0288BB6-4311-44C2-9C00-8067DE9AFA60}.AppStore|Any CPU.Build.0 = Release|Any CPU
		{D0288BB6-4311-44C2-9C00-8067DE9AFA60}.AppStore|Any CPU.Deploy.0 = Release|Any CPU
		{D0288BB6-4311-44C2-9C00-8067DE9AFA60}.AppStore|iPhone.ActiveCfg = Release|Any CPU
		{D0288BB6-4311-44C2-9C00-8067DE9AFA60}.AppStore|iPhone.Build.0 = Release|Any CPU
		{D0288BB6-4311-44C2-9C00-8067DE9AFA60}.AppStore|iPhone.Deploy.0 = Release|Any CPU
		{D0288BB6-4311-44C2-9C00-8067DE9AFA60}.AppStore|iPhoneSimulator.ActiveCfg = Release|Any CPU
		{D0288BB6-4311-44C2-9C00-8067DE9AFA60}.AppStore|iPhoneSimulator.Build.0 = Release|Any CPU
		{D0288BB6-4311-44C2-9C00-8067DE9AFA60}.AppStore|iPhoneSimulator.Deploy.0 = Release|Any CPU
		{D0288BB6-4311-44C2-9C00-8067DE9AFA60}.Debug|Any CPU.ActiveCfg = Debug|Any CPU
		{D0288BB6-4311-44C2-9C00-8067DE9AFA60}.Debug|Any CPU.Build.0 = Debug|Any CPU
		{D0288BB6-4311-44C2-9C00-8067DE9AFA60}.Debug|Any CPU.Deploy.0 = Debug|Any CPU
		{D0288BB6-4311-44C2-9C00-8067DE9AFA60}.Debug|iPhone.ActiveCfg = Debug|Any CPU
		{D0288BB6-4311-44C2-9C00-8067DE9AFA60}.Debug|iPhone.Build.0 = Debug|Any CPU
		{D0288BB6-4311-44C2-9C00-8067DE9AFA60}.Debug|iPhone.Deploy.0 = Debug|Any CPU
		{D0288BB6-4311-44C2-9C00-8067DE9AFA60}.Debug|iPhoneSimulator.ActiveCfg = Debug|Any CPU
		{D0288BB6-4311-44C2-9C00-8067DE9AFA60}.Debug|iPhoneSimulator.Build.0 = Debug|Any CPU
		{D0288BB6-4311-44C2-9C00-8067DE9AFA60}.Debug|iPhoneSimulator.Deploy.0 = Debug|Any CPU
		{D0288BB6-4311-44C2-9C00-8067DE9AFA60}.Release|Any CPU.ActiveCfg = Release|Any CPU
		{D0288BB6-4311-44C2-9C00-8067DE9AFA60}.Release|Any CPU.Build.0 = Release|Any CPU
		{D0288BB6-4311-44C2-9C00-8067DE9AFA60}.Release|Any CPU.Deploy.0 = Release|Any CPU
		{D0288BB6-4311-44C2-9C00-8067DE9AFA60}.Release|iPhone.ActiveCfg = Release|Any CPU
		{D0288BB6-4311-44C2-9C00-8067DE9AFA60}.Release|iPhone.Build.0 = Release|Any CPU
		{D0288BB6-4311-44C2-9C00-8067DE9AFA60}.Release|iPhone.Deploy.0 = Release|Any CPU
		{D0288BB6-4311-44C2-9C00-8067DE9AFA60}.Release|iPhoneSimulator.ActiveCfg = Release|Any CPU
		{D0288BB6-4311-44C2-9C00-8067DE9AFA60}.Release|iPhoneSimulator.Build.0 = Release|Any CPU
		{D0288BB6-4311-44C2-9C00-8067DE9AFA60}.Release|iPhoneSimulator.Deploy.0 = Release|Any CPU
		{BC2EAF8E-8F48-4F22-8FA9-5D9BC87D2201}.Ad-Hoc|Any CPU.ActiveCfg = Ad-Hoc|iPhone
		{BC2EAF8E-8F48-4F22-8FA9-5D9BC87D2201}.Ad-Hoc|Any CPU.Build.0 = Ad-Hoc|iPhone
		{BC2EAF8E-8F48-4F22-8FA9-5D9BC87D2201}.Ad-Hoc|Any CPU.Deploy.0 = Ad-Hoc|iPhone
		{BC2EAF8E-8F48-4F22-8FA9-5D9BC87D2201}.Ad-Hoc|iPhone.ActiveCfg = Ad-Hoc|iPhone
		{BC2EAF8E-8F48-4F22-8FA9-5D9BC87D2201}.Ad-Hoc|iPhone.Build.0 = Ad-Hoc|iPhone
		{BC2EAF8E-8F48-4F22-8FA9-5D9BC87D2201}.Ad-Hoc|iPhone.Deploy.0 = Ad-Hoc|iPhone
		{BC2EAF8E-8F48-4F22-8FA9-5D9BC87D2201}.Ad-Hoc|iPhoneSimulator.ActiveCfg = Ad-Hoc|iPhoneSimulator
		{BC2EAF8E-8F48-4F22-8FA9-5D9BC87D2201}.Ad-Hoc|iPhoneSimulator.Build.0 = Ad-Hoc|iPhoneSimulator
		{BC2EAF8E-8F48-4F22-8FA9-5D9BC87D2201}.Ad-Hoc|iPhoneSimulator.Deploy.0 = Ad-Hoc|iPhoneSimulator
		{BC2EAF8E-8F48-4F22-8FA9-5D9BC87D2201}.AppStore|Any CPU.ActiveCfg = AppStore|iPhone
		{BC2EAF8E-8F48-4F22-8FA9-5D9BC87D2201}.AppStore|Any CPU.Build.0 = AppStore|iPhone
		{BC2EAF8E-8F48-4F22-8FA9-5D9BC87D2201}.AppStore|Any CPU.Deploy.0 = AppStore|iPhone
		{BC2EAF8E-8F48-4F22-8FA9-5D9BC87D2201}.AppStore|iPhone.ActiveCfg = AppStore|iPhone
		{BC2EAF8E-8F48-4F22-8FA9-5D9BC87D2201}.AppStore|iPhone.Build.0 = AppStore|iPhone
		{BC2EAF8E-8F48-4F22-8FA9-5D9BC87D2201}.AppStore|iPhone.Deploy.0 = AppStore|iPhone
		{BC2EAF8E-8F48-4F22-8FA9-5D9BC87D2201}.AppStore|iPhoneSimulator.ActiveCfg = AppStore|iPhoneSimulator
		{BC2EAF8E-8F48-4F22-8FA9-5D9BC87D2201}.AppStore|iPhoneSimulator.Build.0 = AppStore|iPhoneSimulator
		{BC2EAF8E-8F48-4F22-8FA9-5D9BC87D2201}.AppStore|iPhoneSimulator.Deploy.0 = AppStore|iPhoneSimulator
		{BC2EAF8E-8F48-4F22-8FA9-5D9BC87D2201}.Debug|Any CPU.ActiveCfg = Debug|iPhoneSimulator
		{BC2EAF8E-8F48-4F22-8FA9-5D9BC87D2201}.Debug|Any CPU.Build.0 = Debug|iPhoneSimulator
		{BC2EAF8E-8F48-4F22-8FA9-5D9BC87D2201}.Debug|Any CPU.Deploy.0 = Debug|iPhoneSimulator
		{BC2EAF8E-8F48-4F22-8FA9-5D9BC87D2201}.Debug|iPhone.ActiveCfg = Debug|iPhone
		{BC2EAF8E-8F48-4F22-8FA9-5D9BC87D2201}.Debug|iPhone.Build.0 = Debug|iPhone
		{BC2EAF8E-8F48-4F22-8FA9-5D9BC87D2201}.Debug|iPhone.Deploy.0 = Debug|iPhone
		{BC2EAF8E-8F48-4F22-8FA9-5D9BC87D2201}.Debug|iPhoneSimulator.ActiveCfg = Debug|iPhoneSimulator
		{BC2EAF8E-8F48-4F22-8FA9-5D9BC87D2201}.Debug|iPhoneSimulator.Build.0 = Debug|iPhoneSimulator
		{BC2EAF8E-8F48-4F22-8FA9-5D9BC87D2201}.Debug|iPhoneSimulator.Deploy.0 = Debug|iPhoneSimulator
		{BC2EAF8E-8F48-4F22-8FA9-5D9BC87D2201}.Release|Any CPU.ActiveCfg = Release|iPhone
		{BC2EAF8E-8F48-4F22-8FA9-5D9BC87D2201}.Release|Any CPU.Build.0 = Release|iPhone
		{BC2EAF8E-8F48-4F22-8FA9-5D9BC87D2201}.Release|Any CPU.Deploy.0 = Release|iPhone
		{BC2EAF8E-8F48-4F22-8FA9-5D9BC87D2201}.Release|iPhone.ActiveCfg = Release|iPhone
		{BC2EAF8E-8F48-4F22-8FA9-5D9BC87D2201}.Release|iPhone.Build.0 = Release|iPhone
		{BC2EAF8E-8F48-4F22-8FA9-5D9BC87D2201}.Release|iPhone.Deploy.0 = Release|iPhone
		{BC2EAF8E-8F48-4F22-8FA9-5D9BC87D2201}.Release|iPhoneSimulator.ActiveCfg = Release|iPhoneSimulator
		{BC2EAF8E-8F48-4F22-8FA9-5D9BC87D2201}.Release|iPhoneSimulator.Build.0 = Release|iPhoneSimulator
		{BC2EAF8E-8F48-4F22-8FA9-5D9BC87D2201}.Release|iPhoneSimulator.Deploy.0 = Release|iPhoneSimulator
		{ABE63B4C-C95E-4B8C-B0F9-3980F8A303A7}.Ad-Hoc|Any CPU.ActiveCfg = Debug|Any CPU
		{ABE63B4C-C95E-4B8C-B0F9-3980F8A303A7}.Ad-Hoc|Any CPU.Build.0 = Debug|Any CPU
		{ABE63B4C-C95E-4B8C-B0F9-3980F8A303A7}.Ad-Hoc|Any CPU.Deploy.0 = Debug|Any CPU
		{ABE63B4C-C95E-4B8C-B0F9-3980F8A303A7}.Ad-Hoc|iPhone.ActiveCfg = Debug|Any CPU
		{ABE63B4C-C95E-4B8C-B0F9-3980F8A303A7}.Ad-Hoc|iPhone.Build.0 = Debug|Any CPU
		{ABE63B4C-C95E-4B8C-B0F9-3980F8A303A7}.Ad-Hoc|iPhone.Deploy.0 = Debug|Any CPU
		{ABE63B4C-C95E-4B8C-B0F9-3980F8A303A7}.Ad-Hoc|iPhoneSimulator.ActiveCfg = Debug|Any CPU
		{ABE63B4C-C95E-4B8C-B0F9-3980F8A303A7}.Ad-Hoc|iPhoneSimulator.Build.0 = Debug|Any CPU
		{ABE63B4C-C95E-4B8C-B0F9-3980F8A303A7}.Ad-Hoc|iPhoneSimulator.Deploy.0 = Debug|Any CPU
		{ABE63B4C-C95E-4B8C-B0F9-3980F8A303A7}.AppStore|Any CPU.ActiveCfg = Debug|Any CPU
		{ABE63B4C-C95E-4B8C-B0F9-3980F8A303A7}.AppStore|Any CPU.Build.0 = Debug|Any CPU
		{ABE63B4C-C95E-4B8C-B0F9-3980F8A303A7}.AppStore|Any CPU.Deploy.0 = Debug|Any CPU
		{ABE63B4C-C95E-4B8C-B0F9-3980F8A303A7}.AppStore|iPhone.ActiveCfg = Debug|Any CPU
		{ABE63B4C-C95E-4B8C-B0F9-3980F8A303A7}.AppStore|iPhone.Build.0 = Debug|Any CPU
		{ABE63B4C-C95E-4B8C-B0F9-3980F8A303A7}.AppStore|iPhone.Deploy.0 = Debug|Any CPU
		{ABE63B4C-C95E-4B8C-B0F9-3980F8A303A7}.AppStore|iPhoneSimulator.ActiveCfg = Debug|Any CPU
		{ABE63B4C-C95E-4B8C-B0F9-3980F8A303A7}.AppStore|iPhoneSimulator.Build.0 = Debug|Any CPU
		{ABE63B4C-C95E-4B8C-B0F9-3980F8A303A7}.AppStore|iPhoneSimulator.Deploy.0 = Debug|Any CPU
		{ABE63B4C-C95E-4B8C-B0F9-3980F8A303A7}.Debug|Any CPU.ActiveCfg = Debug|Any CPU
		{ABE63B4C-C95E-4B8C-B0F9-3980F8A303A7}.Debug|Any CPU.Build.0 = Debug|Any CPU
		{ABE63B4C-C95E-4B8C-B0F9-3980F8A303A7}.Debug|Any CPU.Deploy.0 = Debug|Any CPU
		{ABE63B4C-C95E-4B8C-B0F9-3980F8A303A7}.Debug|iPhone.ActiveCfg = Debug|Any CPU
		{ABE63B4C-C95E-4B8C-B0F9-3980F8A303A7}.Debug|iPhone.Build.0 = Debug|Any CPU
		{ABE63B4C-C95E-4B8C-B0F9-3980F8A303A7}.Debug|iPhone.Deploy.0 = Debug|Any CPU
		{ABE63B4C-C95E-4B8C-B0F9-3980F8A303A7}.Debug|iPhoneSimulator.ActiveCfg = Debug|Any CPU
		{ABE63B4C-C95E-4B8C-B0F9-3980F8A303A7}.Debug|iPhoneSimulator.Build.0 = Debug|Any CPU
		{ABE63B4C-C95E-4B8C-B0F9-3980F8A303A7}.Debug|iPhoneSimulator.Deploy.0 = Debug|Any CPU
		{ABE63B4C-C95E-4B8C-B0F9-3980F8A303A7}.Release|Any CPU.ActiveCfg = Release|Any CPU
		{ABE63B4C-C95E-4B8C-B0F9-3980F8A303A7}.Release|Any CPU.Build.0 = Release|Any CPU
		{ABE63B4C-C95E-4B8C-B0F9-3980F8A303A7}.Release|Any CPU.Deploy.0 = Release|Any CPU
		{ABE63B4C-C95E-4B8C-B0F9-3980F8A303A7}.Release|iPhone.ActiveCfg = Release|Any CPU
		{ABE63B4C-C95E-4B8C-B0F9-3980F8A303A7}.Release|iPhone.Build.0 = Release|Any CPU
		{ABE63B4C-C95E-4B8C-B0F9-3980F8A303A7}.Release|iPhone.Deploy.0 = Release|Any CPU
		{ABE63B4C-C95E-4B8C-B0F9-3980F8A303A7}.Release|iPhoneSimulator.ActiveCfg = Release|Any CPU
		{ABE63B4C-C95E-4B8C-B0F9-3980F8A303A7}.Release|iPhoneSimulator.Build.0 = Release|Any CPU
		{ABE63B4C-C95E-4B8C-B0F9-3980F8A303A7}.Release|iPhoneSimulator.Deploy.0 = Release|Any CPU
	EndGlobalSection
	GlobalSection(SolutionProperties) = preSolution
		HideSolutionNode = FALSE
	EndGlobalSection
	GlobalSection(ExtensibilityGlobals) = postSolution
		SolutionGuid = {D2A171E4-4143-4E61-9E2D-E636B12F6938}
	EndGlobalSection
EndGlobal
